
Microsoft Visual Studio Solution File, Format Version 12.00
# Visual Studio Version 17
VisualStudioVersion = 17.5.33530.505
MinimumVisualStudioVersion = 10.0.40219.1
Project("{FAE04EC0-301F-11D3-BF4B-00C04F79EFBC}") = "Northwind.Entities", "Northwind.Entities\Northwind.Entities.csproj", "{CE845E21-A8E6-43E8-8970-678A7AA31F9C}"
EndProject
Project("{FAE04EC0-301F-11D3-BF4B-00C04F79EFBC}") = "Northwind.DataAccess", "Northwind.DataAccess\Northwind.DataAccess.csproj", "{33DC7F78-B008-4DD4-B155-892F9FA3D720}"
EndProject
Project("{FAE04EC0-301F-11D3-BF4B-00C04F79EFBC}") = "Northwind.Business", "Northwind.Business\Northwind.Business.csproj", "{20B1EB7C-9D70-4CC3-A0AC-5C83679B83F2}"
EndProject
Project("{FAE04EC0-301F-11D3-BF4B-00C04F79EFBC}") = "Northwind.WebFormUI", "Northwind.WebFormUI\Northwind.WebFormUI.csproj", "{37062D93-D26E-4B53-ABA1-ACAA91F0372F}"
EndProject
Global
	GlobalSection(SolutionConfigurationPlatforms) = preSolution
		Debug|Any CPU = Debug|Any CPU
		Release|Any CPU = Release|Any CPU
	EndGlobalSection
	GlobalSection(ProjectConfigurationPlatforms) = postSolution
		{CE845E21-A8E6-43E8-8970-678A7AA31F9C}.Debug|Any CPU.ActiveCfg = Debug|Any CPU
		{CE845E21-A8E6-43E8-8970-678A7AA31F9C}.Debug|Any CPU.Build.0 = Debug|Any CPU
		{CE845E21-A8E6-43E8-8970-678A7AA31F9C}.Release|Any CPU.ActiveCfg = Release|Any CPU
		{CE845E21-A8E6-43E8-8970-678A7AA31F9C}.Release|Any CPU.Build.0 = Release|Any CPU
		{33DC7F78-B008-4DD4-B155-892F9FA3D720}.Debug|Any CPU.ActiveCfg = Debug|Any CPU
		{33DC7F78-B008-4DD4-B155-892F9FA3D720}.Debug|Any CPU.Build.0 = Debug|Any CPU
		{33DC7F78-B008-4DD4-B155-892F9FA3D720}.Release|Any CPU.ActiveCfg = Release|Any CPU
		{33DC7F78-B008-4DD4-B155-892F9FA3D720}.Release|Any CPU.Build.0 = Release|Any CPU
		{20B1EB7C-9D70-4CC3-A0AC-5C83679B83F2}.Debug|Any CPU.ActiveCfg = Debug|Any CPU
		{20B1EB7C-9D70-4CC3-A0AC-5C83679B83F2}.Debug|Any CPU.Build.0 = Debug|Any CPU
		{20B1EB7C-9D70-4CC3-A0AC-5C83679B83F2}.Release|Any CPU.ActiveCfg = Release|Any CPU
		{20B1EB7C-9D70-4CC3-A0AC-5C83679B83F2}.Release|Any CPU.Build.0 = Release|Any CPU
		{37062D93-D26E-4B53-ABA1-ACAA91F0372F}.Debug|Any CPU.ActiveCfg = Debug|Any CPU
		{37062D93-D26E-4B53-ABA1-ACAA91F0372F}.Debug|Any CPU.Build.0 = Debug|Any CPU
		{37062D93-D26E-4B53-ABA1-ACAA91F0372F}.Release|Any CPU.ActiveCfg = Release|Any CPU
		{37062D93-D26E-4B53-ABA1-ACAA91F0372F}.Release|Any CPU.Build.0 = Release|Any CPU
	EndGlobalSection
	GlobalSection(SolutionProperties) = preSolution
		HideSolutionNode = FALSE
	EndGlobalSection
	GlobalSection(ExtensibilityGlobals) = postSolution
		SolutionGuid = {743D4FE5-C1AD-4C19-B21F-69652FEC0041}
	EndGlobalSection
EndGlobal
